
Microsoft Visual Studio Solution File, Format Version 12.00
# Visual Studio 2012
Project("{FAE04EC0-301F-11D3-BF4B-00C04F79EFBC}") = "NAPS", "NAPS.csproj", "{EAC4A133-93BE-4400-BFA9-CEB1615693C4}"
EndProject
Global
	GlobalSection(SolutionConfigurationPlatforms) = preSolution
		Debug|Any CPU = Debug|Any CPU
		Release|Any CPU = Release|Any CPU
	EndGlobalSection
	GlobalSection(ProjectConfigurationPlatforms) = postSolution
		{EAC4A133-93BE-4400-BFA9-CEB1615693C4}.Debug|Any CPU.ActiveCfg = Debug|Any CPU
		{EAC4A133-93BE-4400-BFA9-CEB1615693C4}.Debug|Any CPU.Build.0 = Debug|Any CPU
		{EAC4A133-93BE-4400-BFA9-CEB1615693C4}.Release|Any CPU.ActiveCfg = Release|Any CPU
		{EAC4A133-93BE-4400-BFA9-CEB1615693C4}.Release|Any CPU.Build.0 = Release|Any CPU
	EndGlobalSection
	GlobalSection(SolutionProperties) = preSolution
		HideSolutionNode = FALSE
	EndGlobalSection
	GlobalSection(Performance) = preSolution
		HasPerformanceSessions = true
	EndGlobalSection
	GlobalSection(SubversionScc) = preSolution
		Svn-Managed = True
		Manager = AnkhSVN - Subversion Support for Visual Studio
	EndGlobalSection
EndGlobal
