
Microsoft Visual Studio Solution File, Format Version 12.00
# Visual Studio 2012
Project("{FAE04EC0-301F-11D3-BF4B-00C04F79EFBC}") = "NAPS2", "NAPS2\NAPS2.csproj", "{EAC4A133-93BE-4400-BFA9-CEB1615693C4}"
EndProject
Project("{FAE04EC0-301F-11D3-BF4B-00C04F79EFBC}") = "NAPS2.Tests", "NAPS2.Tests\NAPS2.Tests.csproj", "{11FC4BE1-882D-4ABA-8781-2F3F77DF9453}"
EndProject
Project("{2150E333-8FDC-42A3-9474-1A3956D46DE8}") = ".nuget", ".nuget", "{F6CC4F6D-EE76-43D9-977B-8802C9665CC4}"
	ProjectSection(SolutionItems) = preProject
		.nuget\NuGet.Config = .nuget\NuGet.Config
		.nuget\NuGet.exe = .nuget\NuGet.exe
		.nuget\NuGet.targets = .nuget\NuGet.targets
	EndProjectSection
EndProject
Global
	GlobalSection(SolutionConfigurationPlatforms) = preSolution
		Debug|Any CPU = Debug|Any CPU
		Release|Any CPU = Release|Any CPU
		Standalone|Any CPU = Standalone|Any CPU
	EndGlobalSection
	GlobalSection(ProjectConfigurationPlatforms) = postSolution
		{EAC4A133-93BE-4400-BFA9-CEB1615693C4}.Debug|Any CPU.ActiveCfg = Debug|Any CPU
		{EAC4A133-93BE-4400-BFA9-CEB1615693C4}.Debug|Any CPU.Build.0 = Debug|Any CPU
		{EAC4A133-93BE-4400-BFA9-CEB1615693C4}.Release|Any CPU.ActiveCfg = Release|Any CPU
		{EAC4A133-93BE-4400-BFA9-CEB1615693C4}.Release|Any CPU.Build.0 = Release|Any CPU
		{EAC4A133-93BE-4400-BFA9-CEB1615693C4}.Standalone|Any CPU.ActiveCfg = Standalone|Any CPU
		{EAC4A133-93BE-4400-BFA9-CEB1615693C4}.Standalone|Any CPU.Build.0 = Standalone|Any CPU
		{11FC4BE1-882D-4ABA-8781-2F3F77DF9453}.Debug|Any CPU.ActiveCfg = Release|Any CPU
		{11FC4BE1-882D-4ABA-8781-2F3F77DF9453}.Debug|Any CPU.Build.0 = Release|Any CPU
		{11FC4BE1-882D-4ABA-8781-2F3F77DF9453}.Release|Any CPU.ActiveCfg = Release|Any CPU
		{11FC4BE1-882D-4ABA-8781-2F3F77DF9453}.Release|Any CPU.Build.0 = Release|Any CPU
		{11FC4BE1-882D-4ABA-8781-2F3F77DF9453}.Standalone|Any CPU.ActiveCfg = Debug|Any CPU
		{11FC4BE1-882D-4ABA-8781-2F3F77DF9453}.Standalone|Any CPU.Build.0 = Debug|Any CPU
	EndGlobalSection
	GlobalSection(SolutionProperties) = preSolution
		HideSolutionNode = FALSE
	EndGlobalSection
	GlobalSection(SubversionScc) = preSolution
		Svn-Managed = True
		Manager = AnkhSVN - Subversion Support for Visual Studio
	EndGlobalSection
EndGlobal
