
Microsoft Visual Studio Solution File, Format Version 12.00
# Visual Studio Version 16
VisualStudioVersion = 16.0.28705.295
MinimumVisualStudioVersion = 10.0.40219.1
Project("{FAE04EC0-301F-11D3-BF4B-00C04F79EFBC}") = "NAPS2.App.WinForms", "NAPS2.App.WinForms\NAPS2.App.WinForms.csproj", "{EAC4A133-93BE-4400-BFA9-CEB1615693C4}"
EndProject
Project("{2150E333-8FDC-42A3-9474-1A3956D46DE8}") = ".nuget", ".nuget", "{F6CC4F6D-EE76-43D9-977B-8802C9665CC4}"
	ProjectSection(SolutionItems) = preProject
		.nuget\NuGet.Config = .nuget\NuGet.Config
		.nuget\NuGet.exe = .nuget\NuGet.exe
		.nuget\NuGet.targets = .nuget\NuGet.targets
	EndProjectSection
EndProject
Project("{FAE04EC0-301F-11D3-BF4B-00C04F79EFBC}") = "NAPS2.App.Console", "NAPS2.App.Console\NAPS2.App.Console.csproj", "{2A321772-75B2-4601-A718-AF0A2370E6A8}"
EndProject
Project("{930C7802-8A8C-48F9-8165-68863BCCD9DD}") = "NAPS2.Setup.Msi", "NAPS2.Setup.Msi\NAPS2.Setup.Msi.wixproj", "{A5C805D1-6F2E-42E2-8BB9-FA2DB89976F1}"
	ProjectSection(ProjectDependencies) = postProject
		{EAC4A133-93BE-4400-BFA9-CEB1615693C4} = {EAC4A133-93BE-4400-BFA9-CEB1615693C4}
		{2A321772-75B2-4601-A718-AF0A2370E6A8} = {2A321772-75B2-4601-A718-AF0A2370E6A8}
		{968378FA-A649-4058-A928-1FCD97B23070} = {968378FA-A649-4058-A928-1FCD97B23070}
	EndProjectSection
EndProject
Project("{FAE04EC0-301F-11D3-BF4B-00C04F79EFBC}") = "NAPS2.Sdk", "NAPS2.Sdk\NAPS2.Sdk.csproj", "{968378FA-A649-4058-A928-1FCD97B23070}"
EndProject
Project("{FAE04EC0-301F-11D3-BF4B-00C04F79EFBC}") = "NAPS2.App.PortableLauncher", "NAPS2.App.PortableLauncher\NAPS2.App.PortableLauncher.csproj", "{A6BCC071-7667-4F8B-ACC2-6FC7F4A9CD32}"
EndProject
Project("{FAE04EC0-301F-11D3-BF4B-00C04F79EFBC}") = "NAPS2.Lib.Common", "NAPS2.Lib.Common\NAPS2.Lib.Common.csproj", "{4D349529-149B-498B-8A55-373E6A67E1F0}"
EndProject
Project("{FAE04EC0-301F-11D3-BF4B-00C04F79EFBC}") = "NAPS2.App.Worker", "NAPS2.App.Worker\NAPS2.App.Worker.csproj", "{BA9A65A0-00FE-4BF4-A023-7D804817453F}"
EndProject
Project("{FAE04EC0-301F-11D3-BF4B-00C04F79EFBC}") = "NAPS2.Tools.Localization", "NAPS2.Tools.Localization\NAPS2.Tools.Localization.csproj", "{F6CD6C88-49EA-4443-BB45-69FB79788C61}"
EndProject
Project("{FAE04EC0-301F-11D3-BF4B-00C04F79EFBC}") = "NAPS2.App.Server", "NAPS2.App.Server\NAPS2.App.Server.csproj", "{BC0E3031-6C00-4707-A424-4FF04425D719}"
EndProject
Project("{8BC9CEB8-8B4A-11D0-8D11-00A0C91BC942}") = "NAPS2.Sdk.NativeWia", "NAPS2.Sdk.NativeWia\NAPS2.Sdk.NativeWia.vcxproj", "{BB7D50B9-C3C2-46A9-AFBC-C15097413FCF}"
EndProject
Project("{FAE04EC0-301F-11D3-BF4B-00C04F79EFBC}") = "NAPS2.Sdk.Samples", "NAPS2.Sdk.Samples\NAPS2.Sdk.Samples.csproj", "{1165EE3A-5EE1-462B-8D9F-975D66710F1A}"
EndProject
Project("{FAE04EC0-301F-11D3-BF4B-00C04F79EFBC}") = "NAPS2.Setup", "NAPS2.Setup\NAPS2.Setup.csproj", "{AC67D0DB-F980-456C-9E91-654CB4989736}"
EndProject
Project("{FAE04EC0-301F-11D3-BF4B-00C04F79EFBC}") = "NAPS2.Sdk.Tests", "NAPS2.Sdk.Tests\NAPS2.Sdk.Tests.csproj", "{8F59DABD-EE59-471D-B3AE-9C2083FDB13E}"
EndProject
Global
	GlobalSection(SolutionConfigurationPlatforms) = preSolution
		Debug|Any CPU = Debug|Any CPU
		DebugLang|Any CPU = DebugLang|Any CPU
		InstallerEXE|Any CPU = InstallerEXE|Any CPU
		InstallerMSI|Any CPU = InstallerMSI|Any CPU
		Standalone|Any CPU = Standalone|Any CPU
	EndGlobalSection
	GlobalSection(ProjectConfigurationPlatforms) = postSolution
		{EAC4A133-93BE-4400-BFA9-CEB1615693C4}.Debug|Any CPU.ActiveCfg = Debug|Any CPU
		{EAC4A133-93BE-4400-BFA9-CEB1615693C4}.Debug|Any CPU.Build.0 = Debug|Any CPU
		{EAC4A133-93BE-4400-BFA9-CEB1615693C4}.DebugLang|Any CPU.ActiveCfg = DebugLang|Any CPU
		{EAC4A133-93BE-4400-BFA9-CEB1615693C4}.DebugLang|Any CPU.Build.0 = DebugLang|Any CPU
		{EAC4A133-93BE-4400-BFA9-CEB1615693C4}.InstallerEXE|Any CPU.ActiveCfg = InstallerEXE|Any CPU
		{EAC4A133-93BE-4400-BFA9-CEB1615693C4}.InstallerEXE|Any CPU.Build.0 = InstallerEXE|Any CPU
		{EAC4A133-93BE-4400-BFA9-CEB1615693C4}.InstallerMSI|Any CPU.ActiveCfg = InstallerMSI|Any CPU
		{EAC4A133-93BE-4400-BFA9-CEB1615693C4}.InstallerMSI|Any CPU.Build.0 = InstallerMSI|Any CPU
		{EAC4A133-93BE-4400-BFA9-CEB1615693C4}.Standalone|Any CPU.ActiveCfg = Standalone|Any CPU
		{EAC4A133-93BE-4400-BFA9-CEB1615693C4}.Standalone|Any CPU.Build.0 = Standalone|Any CPU
		{2A321772-75B2-4601-A718-AF0A2370E6A8}.Debug|Any CPU.ActiveCfg = Debug|Any CPU
		{2A321772-75B2-4601-A718-AF0A2370E6A8}.Debug|Any CPU.Build.0 = Debug|Any CPU
		{2A321772-75B2-4601-A718-AF0A2370E6A8}.DebugLang|Any CPU.ActiveCfg = Debug|Any CPU
		{2A321772-75B2-4601-A718-AF0A2370E6A8}.DebugLang|Any CPU.Build.0 = Debug|Any CPU
		{2A321772-75B2-4601-A718-AF0A2370E6A8}.InstallerEXE|Any CPU.ActiveCfg = InstallerEXE|Any CPU
		{2A321772-75B2-4601-A718-AF0A2370E6A8}.InstallerEXE|Any CPU.Build.0 = InstallerEXE|Any CPU
		{2A321772-75B2-4601-A718-AF0A2370E6A8}.InstallerMSI|Any CPU.ActiveCfg = InstallerMSI|Any CPU
		{2A321772-75B2-4601-A718-AF0A2370E6A8}.InstallerMSI|Any CPU.Build.0 = InstallerMSI|Any CPU
		{2A321772-75B2-4601-A718-AF0A2370E6A8}.Standalone|Any CPU.ActiveCfg = Standalone|Any CPU
		{2A321772-75B2-4601-A718-AF0A2370E6A8}.Standalone|Any CPU.Build.0 = Standalone|Any CPU
		{A5C805D1-6F2E-42E2-8BB9-FA2DB89976F1}.Debug|Any CPU.ActiveCfg = Debug|x86
		{A5C805D1-6F2E-42E2-8BB9-FA2DB89976F1}.DebugLang|Any CPU.ActiveCfg = Debug|x86
		{A5C805D1-6F2E-42E2-8BB9-FA2DB89976F1}.InstallerEXE|Any CPU.ActiveCfg = Release|x86
		{A5C805D1-6F2E-42E2-8BB9-FA2DB89976F1}.InstallerMSI|Any CPU.ActiveCfg = Release|x86
		{A5C805D1-6F2E-42E2-8BB9-FA2DB89976F1}.InstallerMSI|Any CPU.Build.0 = Release|x86
		{A5C805D1-6F2E-42E2-8BB9-FA2DB89976F1}.Standalone|Any CPU.ActiveCfg = Release|x86
		{968378FA-A649-4058-A928-1FCD97B23070}.Debug|Any CPU.ActiveCfg = Debug|Any CPU
		{968378FA-A649-4058-A928-1FCD97B23070}.Debug|Any CPU.Build.0 = Debug|Any CPU
		{968378FA-A649-4058-A928-1FCD97B23070}.DebugLang|Any CPU.ActiveCfg = DebugLang|Any CPU
		{968378FA-A649-4058-A928-1FCD97B23070}.DebugLang|Any CPU.Build.0 = DebugLang|Any CPU
		{968378FA-A649-4058-A928-1FCD97B23070}.InstallerEXE|Any CPU.ActiveCfg = InstallerEXE|Any CPU
		{968378FA-A649-4058-A928-1FCD97B23070}.InstallerEXE|Any CPU.Build.0 = InstallerEXE|Any CPU
		{968378FA-A649-4058-A928-1FCD97B23070}.InstallerMSI|Any CPU.ActiveCfg = InstallerMSI|Any CPU
		{968378FA-A649-4058-A928-1FCD97B23070}.InstallerMSI|Any CPU.Build.0 = InstallerMSI|Any CPU
		{968378FA-A649-4058-A928-1FCD97B23070}.Standalone|Any CPU.ActiveCfg = Standalone|Any CPU
		{968378FA-A649-4058-A928-1FCD97B23070}.Standalone|Any CPU.Build.0 = Standalone|Any CPU
		{A6BCC071-7667-4F8B-ACC2-6FC7F4A9CD32}.Debug|Any CPU.ActiveCfg = Debug|Any CPU
		{A6BCC071-7667-4F8B-ACC2-6FC7F4A9CD32}.Debug|Any CPU.Build.0 = Debug|Any CPU
		{A6BCC071-7667-4F8B-ACC2-6FC7F4A9CD32}.DebugLang|Any CPU.ActiveCfg = Debug|Any CPU
		{A6BCC071-7667-4F8B-ACC2-6FC7F4A9CD32}.DebugLang|Any CPU.Build.0 = Debug|Any CPU
		{A6BCC071-7667-4F8B-ACC2-6FC7F4A9CD32}.InstallerEXE|Any CPU.ActiveCfg = Release|Any CPU
		{A6BCC071-7667-4F8B-ACC2-6FC7F4A9CD32}.InstallerMSI|Any CPU.ActiveCfg = Release|Any CPU
		{A6BCC071-7667-4F8B-ACC2-6FC7F4A9CD32}.Standalone|Any CPU.ActiveCfg = Release|Any CPU
		{A6BCC071-7667-4F8B-ACC2-6FC7F4A9CD32}.Standalone|Any CPU.Build.0 = Release|Any CPU
		{4D349529-149B-498B-8A55-373E6A67E1F0}.Debug|Any CPU.ActiveCfg = Debug|Any CPU
		{4D349529-149B-498B-8A55-373E6A67E1F0}.Debug|Any CPU.Build.0 = Debug|Any CPU
		{4D349529-149B-498B-8A55-373E6A67E1F0}.DebugLang|Any CPU.ActiveCfg = Debug|Any CPU
		{4D349529-149B-498B-8A55-373E6A67E1F0}.DebugLang|Any CPU.Build.0 = Debug|Any CPU
		{4D349529-149B-498B-8A55-373E6A67E1F0}.InstallerEXE|Any CPU.ActiveCfg = Release|Any CPU
		{4D349529-149B-498B-8A55-373E6A67E1F0}.InstallerEXE|Any CPU.Build.0 = Release|Any CPU
		{4D349529-149B-498B-8A55-373E6A67E1F0}.InstallerMSI|Any CPU.ActiveCfg = Release|Any CPU
		{4D349529-149B-498B-8A55-373E6A67E1F0}.InstallerMSI|Any CPU.Build.0 = Release|Any CPU
		{4D349529-149B-498B-8A55-373E6A67E1F0}.Standalone|Any CPU.ActiveCfg = Release|Any CPU
		{4D349529-149B-498B-8A55-373E6A67E1F0}.Standalone|Any CPU.Build.0 = Release|Any CPU
		{BA9A65A0-00FE-4BF4-A023-7D804817453F}.Debug|Any CPU.ActiveCfg = Debug|Any CPU
		{BA9A65A0-00FE-4BF4-A023-7D804817453F}.Debug|Any CPU.Build.0 = Debug|Any CPU
		{BA9A65A0-00FE-4BF4-A023-7D804817453F}.DebugLang|Any CPU.ActiveCfg = Debug|Any CPU
		{BA9A65A0-00FE-4BF4-A023-7D804817453F}.DebugLang|Any CPU.Build.0 = Debug|Any CPU
		{BA9A65A0-00FE-4BF4-A023-7D804817453F}.InstallerEXE|Any CPU.ActiveCfg = InstallerEXE|Any CPU
		{BA9A65A0-00FE-4BF4-A023-7D804817453F}.InstallerEXE|Any CPU.Build.0 = InstallerEXE|Any CPU
		{BA9A65A0-00FE-4BF4-A023-7D804817453F}.InstallerMSI|Any CPU.ActiveCfg = InstallerMSI|Any CPU
		{BA9A65A0-00FE-4BF4-A023-7D804817453F}.InstallerMSI|Any CPU.Build.0 = InstallerMSI|Any CPU
		{BA9A65A0-00FE-4BF4-A023-7D804817453F}.Standalone|Any CPU.ActiveCfg = Standalone|Any CPU
		{BA9A65A0-00FE-4BF4-A023-7D804817453F}.Standalone|Any CPU.Build.0 = Standalone|Any CPU
		{F6CD6C88-49EA-4443-BB45-69FB79788C61}.Debug|Any CPU.ActiveCfg = Debug|Any CPU
		{F6CD6C88-49EA-4443-BB45-69FB79788C61}.Debug|Any CPU.Build.0 = Debug|Any CPU
		{F6CD6C88-49EA-4443-BB45-69FB79788C61}.DebugLang|Any CPU.ActiveCfg = Debug|Any CPU
		{F6CD6C88-49EA-4443-BB45-69FB79788C61}.DebugLang|Any CPU.Build.0 = Debug|Any CPU
		{F6CD6C88-49EA-4443-BB45-69FB79788C61}.InstallerEXE|Any CPU.ActiveCfg = Debug|Any CPU
		{F6CD6C88-49EA-4443-BB45-69FB79788C61}.InstallerEXE|Any CPU.Build.0 = Debug|Any CPU
		{F6CD6C88-49EA-4443-BB45-69FB79788C61}.InstallerMSI|Any CPU.ActiveCfg = Debug|Any CPU
		{F6CD6C88-49EA-4443-BB45-69FB79788C61}.InstallerMSI|Any CPU.Build.0 = Debug|Any CPU
		{F6CD6C88-49EA-4443-BB45-69FB79788C61}.Standalone|Any CPU.ActiveCfg = Debug|Any CPU
		{F6CD6C88-49EA-4443-BB45-69FB79788C61}.Standalone|Any CPU.Build.0 = Debug|Any CPU
		{BC0E3031-6C00-4707-A424-4FF04425D719}.Debug|Any CPU.ActiveCfg = Debug|Any CPU
		{BC0E3031-6C00-4707-A424-4FF04425D719}.Debug|Any CPU.Build.0 = Debug|Any CPU
		{BC0E3031-6C00-4707-A424-4FF04425D719}.DebugLang|Any CPU.ActiveCfg = Debug|Any CPU
		{BC0E3031-6C00-4707-A424-4FF04425D719}.DebugLang|Any CPU.Build.0 = Debug|Any CPU
		{BC0E3031-6C00-4707-A424-4FF04425D719}.InstallerEXE|Any CPU.ActiveCfg = InstallerEXE|Any CPU
		{BC0E3031-6C00-4707-A424-4FF04425D719}.InstallerEXE|Any CPU.Build.0 = InstallerEXE|Any CPU
		{BC0E3031-6C00-4707-A424-4FF04425D719}.InstallerMSI|Any CPU.ActiveCfg = InstallerMSI|Any CPU
		{BC0E3031-6C00-4707-A424-4FF04425D719}.InstallerMSI|Any CPU.Build.0 = InstallerMSI|Any CPU
		{BC0E3031-6C00-4707-A424-4FF04425D719}.Standalone|Any CPU.ActiveCfg = Standalone|Any CPU
		{BC0E3031-6C00-4707-A424-4FF04425D719}.Standalone|Any CPU.Build.0 = Standalone|Any CPU
		{BB7D50B9-C3C2-46A9-AFBC-C15097413FCF}.Debug|Any CPU.ActiveCfg = Debug|Win32
		{BB7D50B9-C3C2-46A9-AFBC-C15097413FCF}.DebugLang|Any CPU.ActiveCfg = Debug|Win32
		{BB7D50B9-C3C2-46A9-AFBC-C15097413FCF}.InstallerEXE|Any CPU.ActiveCfg = Release|Win32
		{BB7D50B9-C3C2-46A9-AFBC-C15097413FCF}.InstallerMSI|Any CPU.ActiveCfg = Release|Win32
		{BB7D50B9-C3C2-46A9-AFBC-C15097413FCF}.Standalone|Any CPU.ActiveCfg = Release|Win32
		{1165EE3A-5EE1-462B-8D9F-975D66710F1A}.Debug|Any CPU.ActiveCfg = Debug|Any CPU
		{1165EE3A-5EE1-462B-8D9F-975D66710F1A}.Debug|Any CPU.Build.0 = Debug|Any CPU
		{1165EE3A-5EE1-462B-8D9F-975D66710F1A}.DebugLang|Any CPU.ActiveCfg = Debug|Any CPU
		{1165EE3A-5EE1-462B-8D9F-975D66710F1A}.DebugLang|Any CPU.Build.0 = Debug|Any CPU
		{1165EE3A-5EE1-462B-8D9F-975D66710F1A}.InstallerEXE|Any CPU.ActiveCfg = Release|Any CPU
		{1165EE3A-5EE1-462B-8D9F-975D66710F1A}.InstallerEXE|Any CPU.Build.0 = Release|Any CPU
		{1165EE3A-5EE1-462B-8D9F-975D66710F1A}.InstallerMSI|Any CPU.ActiveCfg = Release|Any CPU
		{1165EE3A-5EE1-462B-8D9F-975D66710F1A}.InstallerMSI|Any CPU.Build.0 = Release|Any CPU
		{1165EE3A-5EE1-462B-8D9F-975D66710F1A}.Standalone|Any CPU.ActiveCfg = Release|Any CPU
		{1165EE3A-5EE1-462B-8D9F-975D66710F1A}.Standalone|Any CPU.Build.0 = Release|Any CPU
		{AC67D0DB-F980-456C-9E91-654CB4989736}.Debug|Any CPU.ActiveCfg = Debug|Any CPU
		{AC67D0DB-F980-456C-9E91-654CB4989736}.DebugLang|Any CPU.ActiveCfg = Debug|Any CPU
		{AC67D0DB-F980-456C-9E91-654CB4989736}.InstallerEXE|Any CPU.ActiveCfg = Release|Any CPU
		{AC67D0DB-F980-456C-9E91-654CB4989736}.InstallerMSI|Any CPU.ActiveCfg = Release|Any CPU
		{AC67D0DB-F980-456C-9E91-654CB4989736}.Standalone|Any CPU.ActiveCfg = Release|Any CPU
		{8F59DABD-EE59-471D-B3AE-9C2083FDB13E}.Debug|Any CPU.ActiveCfg = Debug|Any CPU
		{8F59DABD-EE59-471D-B3AE-9C2083FDB13E}.Debug|Any CPU.Build.0 = Debug|Any CPU
		{8F59DABD-EE59-471D-B3AE-9C2083FDB13E}.DebugLang|Any CPU.ActiveCfg = Debug|Any CPU
		{8F59DABD-EE59-471D-B3AE-9C2083FDB13E}.DebugLang|Any CPU.Build.0 = Debug|Any CPU
		{8F59DABD-EE59-471D-B3AE-9C2083FDB13E}.InstallerEXE|Any CPU.ActiveCfg = Release|Any CPU
		{8F59DABD-EE59-471D-B3AE-9C2083FDB13E}.InstallerEXE|Any CPU.Build.0 = Release|Any CPU
		{8F59DABD-EE59-471D-B3AE-9C2083FDB13E}.InstallerMSI|Any CPU.ActiveCfg = Release|Any CPU
		{8F59DABD-EE59-471D-B3AE-9C2083FDB13E}.InstallerMSI|Any CPU.Build.0 = Release|Any CPU
		{8F59DABD-EE59-471D-B3AE-9C2083FDB13E}.Standalone|Any CPU.ActiveCfg = Release|Any CPU
		{8F59DABD-EE59-471D-B3AE-9C2083FDB13E}.Standalone|Any CPU.Build.0 = Release|Any CPU
	EndGlobalSection
	GlobalSection(SolutionProperties) = preSolution
		HideSolutionNode = FALSE
	EndGlobalSection
	GlobalSection(ExtensibilityGlobals) = postSolution
		SolutionGuid = {D2414340-5F88-4C83-A829-CCA5E3867797}
	EndGlobalSection
	GlobalSection(SubversionScc) = preSolution
		Svn-Managed = True
		Manager = AnkhSVN - Subversion Support for Visual Studio
	EndGlobalSection
EndGlobal
