
Microsoft Visual Studio Solution File, Format Version 12.00
# Visual Studio 2012
Project("{FAE04EC0-301F-11D3-BF4B-00C04F79EFBC}") = "NAPS2", "naps\NAPS2.csproj", "{EAC4A133-93BE-4400-BFA9-CEB1615693C4}"
EndProject
Project("{6141683F-8A12-4E36-9623-2EB02B2C2303}") = "Setup", "Setup\Setup.isproj", "{5F9C3065-9BFF-4C71-9ECF-0CCBBE0BB351}"
	ProjectSection(ProjectDependencies) = postProject
		{EAC4A133-93BE-4400-BFA9-CEB1615693C4} = {EAC4A133-93BE-4400-BFA9-CEB1615693C4}
	EndProjectSection
EndProject
Project("{FAE04EC0-301F-11D3-BF4B-00C04F79EFBC}") = "NAPS2.Tests.Unit", "NAPS2.Tests.Unit\NAPS2.Tests.Unit.csproj", "{F8B82484-DD32-4DC3-BE84-FE4E3C8EE10C}"
EndProject
Project("{FAE04EC0-301F-11D3-BF4B-00C04F79EFBC}") = "NAPS2.Tests.Integration", "NAPS2.Tests.Integration\NAPS2.Tests.Integration.csproj", "{942594DC-6422-4280-A05D-5B9A7635F4B2}"
EndProject
Global
	GlobalSection(SolutionConfigurationPlatforms) = preSolution
		CD_ROM|Any CPU = CD_ROM|Any CPU
		Debug|Any CPU = Debug|Any CPU
		DVD-5|Any CPU = DVD-5|Any CPU
		Release|Any CPU = Release|Any CPU
		SingleImage|Any CPU = SingleImage|Any CPU
	EndGlobalSection
	GlobalSection(ProjectConfigurationPlatforms) = postSolution
		{EAC4A133-93BE-4400-BFA9-CEB1615693C4}.CD_ROM|Any CPU.ActiveCfg = Release|Any CPU
		{EAC4A133-93BE-4400-BFA9-CEB1615693C4}.CD_ROM|Any CPU.Build.0 = Release|Any CPU
		{EAC4A133-93BE-4400-BFA9-CEB1615693C4}.Debug|Any CPU.ActiveCfg = Debug|Any CPU
		{EAC4A133-93BE-4400-BFA9-CEB1615693C4}.Debug|Any CPU.Build.0 = Debug|Any CPU
		{EAC4A133-93BE-4400-BFA9-CEB1615693C4}.DVD-5|Any CPU.ActiveCfg = Debug|Any CPU
		{EAC4A133-93BE-4400-BFA9-CEB1615693C4}.DVD-5|Any CPU.Build.0 = Debug|Any CPU
		{EAC4A133-93BE-4400-BFA9-CEB1615693C4}.Release|Any CPU.ActiveCfg = Release|Any CPU
		{EAC4A133-93BE-4400-BFA9-CEB1615693C4}.Release|Any CPU.Build.0 = Release|Any CPU
		{EAC4A133-93BE-4400-BFA9-CEB1615693C4}.SingleImage|Any CPU.ActiveCfg = Release|Any CPU
		{EAC4A133-93BE-4400-BFA9-CEB1615693C4}.SingleImage|Any CPU.Build.0 = Release|Any CPU
		{5F9C3065-9BFF-4C71-9ECF-0CCBBE0BB351}.CD_ROM|Any CPU.ActiveCfg = CD_ROM
		{5F9C3065-9BFF-4C71-9ECF-0CCBBE0BB351}.CD_ROM|Any CPU.Build.0 = CD_ROM
		{5F9C3065-9BFF-4C71-9ECF-0CCBBE0BB351}.Debug|Any CPU.ActiveCfg = DVD-5
		{5F9C3065-9BFF-4C71-9ECF-0CCBBE0BB351}.DVD-5|Any CPU.ActiveCfg = DVD-5
		{5F9C3065-9BFF-4C71-9ECF-0CCBBE0BB351}.DVD-5|Any CPU.Build.0 = DVD-5
		{5F9C3065-9BFF-4C71-9ECF-0CCBBE0BB351}.Release|Any CPU.ActiveCfg = SingleImage
		{5F9C3065-9BFF-4C71-9ECF-0CCBBE0BB351}.Release|Any CPU.Build.0 = SingleImage
		{5F9C3065-9BFF-4C71-9ECF-0CCBBE0BB351}.SingleImage|Any CPU.ActiveCfg = SingleImage
		{5F9C3065-9BFF-4C71-9ECF-0CCBBE0BB351}.SingleImage|Any CPU.Build.0 = SingleImage
		{F8B82484-DD32-4DC3-BE84-FE4E3C8EE10C}.CD_ROM|Any CPU.ActiveCfg = Release|Any CPU
		{F8B82484-DD32-4DC3-BE84-FE4E3C8EE10C}.CD_ROM|Any CPU.Build.0 = Release|Any CPU
		{F8B82484-DD32-4DC3-BE84-FE4E3C8EE10C}.Debug|Any CPU.ActiveCfg = Debug|Any CPU
		{F8B82484-DD32-4DC3-BE84-FE4E3C8EE10C}.Debug|Any CPU.Build.0 = Debug|Any CPU
		{F8B82484-DD32-4DC3-BE84-FE4E3C8EE10C}.DVD-5|Any CPU.ActiveCfg = Debug|Any CPU
		{F8B82484-DD32-4DC3-BE84-FE4E3C8EE10C}.DVD-5|Any CPU.Build.0 = Debug|Any CPU
		{F8B82484-DD32-4DC3-BE84-FE4E3C8EE10C}.Release|Any CPU.ActiveCfg = Release|Any CPU
		{F8B82484-DD32-4DC3-BE84-FE4E3C8EE10C}.Release|Any CPU.Build.0 = Release|Any CPU
		{F8B82484-DD32-4DC3-BE84-FE4E3C8EE10C}.SingleImage|Any CPU.ActiveCfg = Release|Any CPU
		{F8B82484-DD32-4DC3-BE84-FE4E3C8EE10C}.SingleImage|Any CPU.Build.0 = Release|Any CPU
		{942594DC-6422-4280-A05D-5B9A7635F4B2}.CD_ROM|Any CPU.ActiveCfg = Release|Any CPU
		{942594DC-6422-4280-A05D-5B9A7635F4B2}.CD_ROM|Any CPU.Build.0 = Release|Any CPU
		{942594DC-6422-4280-A05D-5B9A7635F4B2}.Debug|Any CPU.ActiveCfg = Debug|Any CPU
		{942594DC-6422-4280-A05D-5B9A7635F4B2}.Debug|Any CPU.Build.0 = Debug|Any CPU
		{942594DC-6422-4280-A05D-5B9A7635F4B2}.DVD-5|Any CPU.ActiveCfg = Debug|Any CPU
		{942594DC-6422-4280-A05D-5B9A7635F4B2}.DVD-5|Any CPU.Build.0 = Debug|Any CPU
		{942594DC-6422-4280-A05D-5B9A7635F4B2}.Release|Any CPU.ActiveCfg = Release|Any CPU
		{942594DC-6422-4280-A05D-5B9A7635F4B2}.Release|Any CPU.Build.0 = Release|Any CPU
		{942594DC-6422-4280-A05D-5B9A7635F4B2}.SingleImage|Any CPU.ActiveCfg = Release|Any CPU
		{942594DC-6422-4280-A05D-5B9A7635F4B2}.SingleImage|Any CPU.Build.0 = Release|Any CPU
	EndGlobalSection
	GlobalSection(SolutionProperties) = preSolution
		HideSolutionNode = FALSE
	EndGlobalSection
	GlobalSection(SubversionScc) = preSolution
		Svn-Managed = True
		Manager = AnkhSVN - Subversion Support for Visual Studio
	EndGlobalSection
EndGlobal
